
Microsoft Visual Studio Solution File, Format Version 12.00
# Visual Studio Version 16
VisualStudioVersion = 16.0.29911.84
MinimumVisualStudioVersion = 10.0.40219.1
Project("{2150E333-8FDC-42A3-9474-1A3956D46DE8}") = "DAL", "DAL", "{2ED773F8-F0ED-47F4-9018-0B81B66B9BCD}"
EndProject
Project("{2150E333-8FDC-42A3-9474-1A3956D46DE8}") = "BLL", "BLL", "{8480EAFC-7A59-4FBC-B922-E6158F7E1D78}"
EndProject
Project("{FAE04EC0-301F-11D3-BF4B-00C04F79EFBC}") = "DAL_Aeropuerto", "DAL_Aeropuerto\DAL_Aeropuerto.csproj", "{1481F780-BB90-4194-9613-65440142EE33}"
EndProject
Project("{FAE04EC0-301F-11D3-BF4B-00C04F79EFBC}") = "BLL_Aeropuerto", "BLL_Aeropuerto\BLL_Aeropuerto.csproj", "{F1E8371E-BE30-4CEF-83AB-A817EBA49295}"
EndProject
Project("{2150E333-8FDC-42A3-9474-1A3956D46DE8}") = "SVC", "SVC", "{B3687ABC-E784-4768-AA08-2110C06A4CAE}"
EndProject
Project("{2150E333-8FDC-42A3-9474-1A3956D46DE8}") = "SITE", "SITE", "{825CE247-0BFA-4490-9962-D60393E584A7}"
EndProject
Project("{FAE04EC0-301F-11D3-BF4B-00C04F79EFBC}") = "SITE_Aeropuerto", "SITE_Aeropuerto\SITE_Aeropuerto.csproj", "{D06E22C1-C1B2-4B1D-9E58-E1A5DAFB5EF1}"
EndProject
Project("{FAE04EC0-301F-11D3-BF4B-00C04F79EFBC}") = "SVC_Aeropuerto", "SVC_Aeropuerto\SVC_Aeropuerto.csproj", "{65744292-87F9-47B5-BA72-BA24F57E4F9F}"
EndProject
Global
	GlobalSection(SolutionConfigurationPlatforms) = preSolution
		Debug|Any CPU = Debug|Any CPU
		Debug|ARM = Debug|ARM
		Debug|x64 = Debug|x64
		Debug|x86 = Debug|x86
		Release|Any CPU = Release|Any CPU
		Release|ARM = Release|ARM
		Release|x64 = Release|x64
		Release|x86 = Release|x86
	EndGlobalSection
	GlobalSection(ProjectConfigurationPlatforms) = postSolution
		{1481F780-BB90-4194-9613-65440142EE33}.Debug|Any CPU.ActiveCfg = Debug|Any CPU
		{1481F780-BB90-4194-9613-65440142EE33}.Debug|Any CPU.Build.0 = Debug|Any CPU
		{1481F780-BB90-4194-9613-65440142EE33}.Debug|ARM.ActiveCfg = Debug|Any CPU
		{1481F780-BB90-4194-9613-65440142EE33}.Debug|ARM.Build.0 = Debug|Any CPU
		{1481F780-BB90-4194-9613-65440142EE33}.Debug|x64.ActiveCfg = Debug|Any CPU
		{1481F780-BB90-4194-9613-65440142EE33}.Debug|x64.Build.0 = Debug|Any CPU
		{1481F780-BB90-4194-9613-65440142EE33}.Debug|x86.ActiveCfg = Debug|Any CPU
		{1481F780-BB90-4194-9613-65440142EE33}.Debug|x86.Build.0 = Debug|Any CPU
		{1481F780-BB90-4194-9613-65440142EE33}.Release|Any CPU.ActiveCfg = Release|Any CPU
		{1481F780-BB90-4194-9613-65440142EE33}.Release|Any CPU.Build.0 = Release|Any CPU
		{1481F780-BB90-4194-9613-65440142EE33}.Release|ARM.ActiveCfg = Release|Any CPU
		{1481F780-BB90-4194-9613-65440142EE33}.Release|ARM.Build.0 = Release|Any CPU
		{1481F780-BB90-4194-9613-65440142EE33}.Release|x64.ActiveCfg = Release|Any CPU
		{1481F780-BB90-4194-9613-65440142EE33}.Release|x64.Build.0 = Release|Any CPU
		{1481F780-BB90-4194-9613-65440142EE33}.Release|x86.ActiveCfg = Release|Any CPU
		{1481F780-BB90-4194-9613-65440142EE33}.Release|x86.Build.0 = Release|Any CPU
		{F1E8371E-BE30-4CEF-83AB-A817EBA49295}.Debug|Any CPU.ActiveCfg = Debug|Any CPU
		{F1E8371E-BE30-4CEF-83AB-A817EBA49295}.Debug|Any CPU.Build.0 = Debug|Any CPU
		{F1E8371E-BE30-4CEF-83AB-A817EBA49295}.Debug|ARM.ActiveCfg = Debug|Any CPU
		{F1E8371E-BE30-4CEF-83AB-A817EBA49295}.Debug|ARM.Build.0 = Debug|Any CPU
		{F1E8371E-BE30-4CEF-83AB-A817EBA49295}.Debug|x64.ActiveCfg = Debug|Any CPU
		{F1E8371E-BE30-4CEF-83AB-A817EBA49295}.Debug|x64.Build.0 = Debug|Any CPU
		{F1E8371E-BE30-4CEF-83AB-A817EBA49295}.Debug|x86.ActiveCfg = Debug|Any CPU
		{F1E8371E-BE30-4CEF-83AB-A817EBA49295}.Debug|x86.Build.0 = Debug|Any CPU
		{F1E8371E-BE30-4CEF-83AB-A817EBA49295}.Release|Any CPU.ActiveCfg = Release|Any CPU
		{F1E8371E-BE30-4CEF-83AB-A817EBA49295}.Release|Any CPU.Build.0 = Release|Any CPU
		{F1E8371E-BE30-4CEF-83AB-A817EBA49295}.Release|ARM.ActiveCfg = Release|Any CPU
		{F1E8371E-BE30-4CEF-83AB-A817EBA49295}.Release|ARM.Build.0 = Release|Any CPU
		{F1E8371E-BE30-4CEF-83AB-A817EBA49295}.Release|x64.ActiveCfg = Release|Any CPU
		{F1E8371E-BE30-4CEF-83AB-A817EBA49295}.Release|x64.Build.0 = Release|Any CPU
		{F1E8371E-BE30-4CEF-83AB-A817EBA49295}.Release|x86.ActiveCfg = Release|Any CPU
		{F1E8371E-BE30-4CEF-83AB-A817EBA49295}.Release|x86.Build.0 = Release|Any CPU
		{D06E22C1-C1B2-4B1D-9E58-E1A5DAFB5EF1}.Debug|Any CPU.ActiveCfg = Debug|Any CPU
		{D06E22C1-C1B2-4B1D-9E58-E1A5DAFB5EF1}.Debug|Any CPU.Build.0 = Debug|Any CPU
		{D06E22C1-C1B2-4B1D-9E58-E1A5DAFB5EF1}.Debug|ARM.ActiveCfg = Debug|Any CPU
		{D06E22C1-C1B2-4B1D-9E58-E1A5DAFB5EF1}.Debug|ARM.Build.0 = Debug|Any CPU
		{D06E22C1-C1B2-4B1D-9E58-E1A5DAFB5EF1}.Debug|x64.ActiveCfg = Debug|Any CPU
		{D06E22C1-C1B2-4B1D-9E58-E1A5DAFB5EF1}.Debug|x64.Build.0 = Debug|Any CPU
		{D06E22C1-C1B2-4B1D-9E58-E1A5DAFB5EF1}.Debug|x86.ActiveCfg = Debug|Any CPU
		{D06E22C1-C1B2-4B1D-9E58-E1A5DAFB5EF1}.Debug|x86.Build.0 = Debug|Any CPU
		{D06E22C1-C1B2-4B1D-9E58-E1A5DAFB5EF1}.Release|Any CPU.ActiveCfg = Release|Any CPU
		{D06E22C1-C1B2-4B1D-9E58-E1A5DAFB5EF1}.Release|Any CPU.Build.0 = Release|Any CPU
		{D06E22C1-C1B2-4B1D-9E58-E1A5DAFB5EF1}.Release|ARM.ActiveCfg = Release|Any CPU
		{D06E22C1-C1B2-4B1D-9E58-E1A5DAFB5EF1}.Release|ARM.Build.0 = Release|Any CPU
		{D06E22C1-C1B2-4B1D-9E58-E1A5DAFB5EF1}.Release|x64.ActiveCfg = Release|Any CPU
		{D06E22C1-C1B2-4B1D-9E58-E1A5DAFB5EF1}.Release|x64.Build.0 = Release|Any CPU
		{D06E22C1-C1B2-4B1D-9E58-E1A5DAFB5EF1}.Release|x86.ActiveCfg = Release|Any CPU
		{D06E22C1-C1B2-4B1D-9E58-E1A5DAFB5EF1}.Release|x86.Build.0 = Release|Any CPU
		{65744292-87F9-47B5-BA72-BA24F57E4F9F}.Debug|Any CPU.ActiveCfg = Debug|Any CPU
		{65744292-87F9-47B5-BA72-BA24F57E4F9F}.Debug|Any CPU.Build.0 = Debug|Any CPU
		{65744292-87F9-47B5-BA72-BA24F57E4F9F}.Debug|ARM.ActiveCfg = Debug|Any CPU
		{65744292-87F9-47B5-BA72-BA24F57E4F9F}.Debug|ARM.Build.0 = Debug|Any CPU
		{65744292-87F9-47B5-BA72-BA24F57E4F9F}.Debug|x64.ActiveCfg = Debug|Any CPU
		{65744292-87F9-47B5-BA72-BA24F57E4F9F}.Debug|x64.Build.0 = Debug|Any CPU
		{65744292-87F9-47B5-BA72-BA24F57E4F9F}.Debug|x86.ActiveCfg = Debug|Any CPU
		{65744292-87F9-47B5-BA72-BA24F57E4F9F}.Debug|x86.Build.0 = Debug|Any CPU
		{65744292-87F9-47B5-BA72-BA24F57E4F9F}.Release|Any CPU.ActiveCfg = Release|Any CPU
		{65744292-87F9-47B5-BA72-BA24F57E4F9F}.Release|Any CPU.Build.0 = Release|Any CPU
		{65744292-87F9-47B5-BA72-BA24F57E4F9F}.Release|ARM.ActiveCfg = Release|Any CPU
		{65744292-87F9-47B5-BA72-BA24F57E4F9F}.Release|ARM.Build.0 = Release|Any CPU
		{65744292-87F9-47B5-BA72-BA24F57E4F9F}.Release|x64.ActiveCfg = Release|Any CPU
		{65744292-87F9-47B5-BA72-BA24F57E4F9F}.Release|x64.Build.0 = Release|Any CPU
		{65744292-87F9-47B5-BA72-BA24F57E4F9F}.Release|x86.ActiveCfg = Release|Any CPU
		{65744292-87F9-47B5-BA72-BA24F57E4F9F}.Release|x86.Build.0 = Release|Any CPU
	EndGlobalSection
	GlobalSection(SolutionProperties) = preSolution
		HideSolutionNode = FALSE
	EndGlobalSection
	GlobalSection(NestedProjects) = preSolution
		{1481F780-BB90-4194-9613-65440142EE33} = {2ED773F8-F0ED-47F4-9018-0B81B66B9BCD}
		{F1E8371E-BE30-4CEF-83AB-A817EBA49295} = {8480EAFC-7A59-4FBC-B922-E6158F7E1D78}
		{D06E22C1-C1B2-4B1D-9E58-E1A5DAFB5EF1} = {825CE247-0BFA-4490-9962-D60393E584A7}
		{65744292-87F9-47B5-BA72-BA24F57E4F9F} = {B3687ABC-E784-4768-AA08-2110C06A4CAE}
	EndGlobalSection
	GlobalSection(ExtensibilityGlobals) = postSolution
		SolutionGuid = {85257E7C-EB10-4675-9C86-AEC6BE21FCF1}
	EndGlobalSection
EndGlobal
